// !$*UTF8*$!
{
	archiveVersion = 1;
	classes = {
	};
	objectVersion = 56;
	objects = {

/* Begin PBXBuildFile section */
		A107D97E2D000F8B00B7D926 /* Neetcode150App.swift in Sources */ = {isa = PBXBuildFile; fileRef = A107D97D2D000F8B00B7D926 /* Neetcode150App.swift */; };
		A107D9902D000F8C00B7D926 /* Neetcode150Tests.swift in Sources */ = {isa = PBXBuildFile; fileRef = A107D98F2D000F8C00B7D926 /* Neetcode150Tests.swift */; };
		A107D9A92D00128500B7D926 /* TwoSum.swift in Sources */ = {isa = PBXBuildFile; fileRef = A107D9A82D00128500B7D926 /* TwoSum.swift */; };
/* End PBXBuildFile section */

/* Begin PBXContainerItemProxy section */
		A107D98C2D000F8C00B7D926 /* PBXContainerItemProxy */ = {
			isa = PBXContainerItemProxy;
			containerPortal = A107D9722D000F8B00B7D926 /* Project object */;
			proxyType = 1;
			remoteGlobalIDString = A107D9792D000F8B00B7D926;
			remoteInfo = Neetcode150;
		};
/* End PBXContainerItemProxy section */

/* Begin PBXFileReference section */
		A107D97A2D000F8B00B7D926 /* Neetcode150.app */ = {isa = PBXFileReference; explicitFileType = wrapper.application; includeInIndex = 0; path = Neetcode150.app; sourceTree = BUILT_PRODUCTS_DIR; };
		A107D97D2D000F8B00B7D926 /* Neetcode150App.swift */ = {isa = PBXFileReference; lastKnownFileType = sourcecode.swift; path = Neetcode150App.swift; sourceTree = "<group>"; };
		A107D9862D000F8C00B7D926 /* Neetcode150.entitlements */ = {isa = PBXFileReference; lastKnownFileType = text.plist.entitlements; path = Neetcode150.entitlements; sourceTree = "<group>"; };
		A107D98B2D000F8C00B7D926 /* Neetcode150Tests.xctest */ = {isa = PBXFileReference; explicitFileType = wrapper.cfbundle; includeInIndex = 0; path = Neetcode150Tests.xctest; sourceTree = BUILT_PRODUCTS_DIR; };
		A107D98F2D000F8C00B7D926 /* Neetcode150Tests.swift */ = {isa = PBXFileReference; lastKnownFileType = sourcecode.swift; path = Neetcode150Tests.swift; sourceTree = "<group>"; };
		A107D9A82D00128500B7D926 /* TwoSum.swift */ = {isa = PBXFileReference; lastKnownFileType = sourcecode.swift; path = TwoSum.swift; sourceTree = "<group>"; };
/* End PBXFileReference section */

/* Begin PBXFrameworksBuildPhase section */
		A107D9772D000F8B00B7D926 /* Frameworks */ = {
			isa = PBXFrameworksBuildPhase;
			buildActionMask = 2147483647;
			files = (
			);
			runOnlyForDeploymentPostprocessing = 0;
		};
		A107D9882D000F8C00B7D926 /* Frameworks */ = {
			isa = PBXFrameworksBuildPhase;
			buildActionMask = 2147483647;
			files = (
			);
			runOnlyForDeploymentPostprocessing = 0;
		};
/* End PBXFrameworksBuildPhase section */

/* Begin PBXGroup section */
		A107D9712D000F8B00B7D926 = {
			isa = PBXGroup;
			children = (
				A107D97C2D000F8B00B7D926 /* Neetcode150 */,
				A107D98E2D000F8C00B7D926 /* Neetcode150Tests */,
				A107D97B2D000F8B00B7D926 /* Products */,
			);
			sourceTree = "<group>";
		};
		A107D97B2D000F8B00B7D926 /* Products */ = {
			isa = PBXGroup;
			children = (
				A107D97A2D000F8B00B7D926 /* Neetcode150.app */,
				A107D98B2D000F8C00B7D926 /* Neetcode150Tests.xctest */,
			);
			name = Products;
			sourceTree = "<group>";
		};
		A107D97C2D000F8B00B7D926 /* Neetcode150 */ = {
			isa = PBXGroup;
			children = (
				A107D9A82D00128500B7D926 /* TwoSum.swift */,
				A107D97D2D000F8B00B7D926 /* Neetcode150App.swift */,
				A107D9862D000F8C00B7D926 /* Neetcode150.entitlements */,
			);
			path = Neetcode150;
			sourceTree = "<group>";
		};
		A107D98E2D000F8C00B7D926 /* Neetcode150Tests */ = {
			isa = PBXGroup;
			children = (
				A107D98F2D000F8C00B7D926 /* Neetcode150Tests.swift */,
			);
			path = Neetcode150Tests;
			sourceTree = "<group>";
		};
/* End PBXGroup section */

/* Begin PBXNativeTarget section */
		A107D9792D000F8B00B7D926 /* Neetcode150 */ = {
			isa = PBXNativeTarget;
			buildConfigurationList = A107D99F2D000F8C00B7D926 /* Build configuration list for PBXNativeTarget "Neetcode150" */;
			buildPhases = (
				A107D9762D000F8B00B7D926 /* Sources */,
				A107D9772D000F8B00B7D926 /* Frameworks */,
				A107D9782D000F8B00B7D926 /* Resources */,
			);
			buildRules = (
			);
			dependencies = (
			);
			name = Neetcode150;
			productName = Neetcode150;
			productReference = A107D97A2D000F8B00B7D926 /* Neetcode150.app */;
			productType = "com.apple.product-type.application";
		};
		A107D98A2D000F8C00B7D926 /* Neetcode150Tests */ = {
			isa = PBXNativeTarget;
			buildConfigurationList = A107D9A22D000F8C00B7D926 /* Build configuration list for PBXNativeTarget "Neetcode150Tests" */;
			buildPhases = (
				A107D9872D000F8C00B7D926 /* Sources */,
				A107D9882D000F8C00B7D926 /* Frameworks */,
				A107D9892D000F8C00B7D926 /* Resources */,
			);
			buildRules = (
			);
			dependencies = (
				A107D98D2D000F8C00B7D926 /* PBXTargetDependency */,
			);
			name = Neetcode150Tests;
			productName = Neetcode150Tests;
			productReference = A107D98B2D000F8C00B7D926 /* Neetcode150Tests.xctest */;
			productType = "com.apple.product-type.bundle.unit-test";
		};
/* End PBXNativeTarget section */

/* Begin PBXProject section */
		A107D9722D000F8B00B7D926 /* Project object */ = {
			isa = PBXProject;
			attributes = {
				BuildIndependentTargetsInParallel = 1;
				LastSwiftUpdateCheck = 1520;
				LastUpgradeCheck = 1520;
				TargetAttributes = {
					A107D9792D000F8B00B7D926 = {
						CreatedOnToolsVersion = 15.2;
					};
					A107D98A2D000F8C00B7D926 = {
						CreatedOnToolsVersion = 15.2;
						TestTargetID = A107D9792D000F8B00B7D926;
					};
				};
			};
			buildConfigurationList = A107D9752D000F8B00B7D926 /* Build configuration list for PBXProject "Neetcode150" */;
			compatibilityVersion = "Xcode 14.0";
			developmentRegion = en;
			hasScannedForEncodings = 0;
			knownRegions = (
				en,
				Base,
			);
			mainGroup = A107D9712D000F8B00B7D926;
			productRefGroup = A107D97B2D000F8B00B7D926 /* Products */;
			projectDirPath = "";
			projectRoot = "";
			targets = (
				A107D9792D000F8B00B7D926 /* Neetcode150 */,
				A107D98A2D000F8C00B7D926 /* Neetcode150Tests */,
			);
		};
/* End PBXProject section */

/* Begin PBXResourcesBuildPhase section */
		A107D9782D000F8B00B7D926 /* Resources */ = {
			isa = PBXResourcesBuildPhase;
			buildActionMask = 2147483647;
			files = (
			);
			runOnlyForDeploymentPostprocessing = 0;
		};
		A107D9892D000F8C00B7D926 /* Resources */ = {
			isa = PBXResourcesBuildPhase;
			buildActionMask = 2147483647;
			files = (
			);
			runOnlyForDeploymentPostprocessing = 0;
		};
/* End PBXResourcesBuildPhase section */

/* Begin PBXSourcesBuildPhase section */
		A107D9762D000F8B00B7D926 /* Sources */ = {
			isa = PBXSourcesBuildPhase;
			buildActionMask = 2147483647;
			files = (
				A107D97E2D000F8B00B7D926 /* Neetcode150App.swift in Sources */,
				A107D9A92D00128500B7D926 /* TwoSum.swift in Sources */,
			);
			runOnlyForDeploymentPostprocessing = 0;
		};
		A107D9872D000F8C00B7D926 /* Sources */ = {
			isa = PBXSourcesBuildPhase;
			buildActionMask = 2147483647;
			files = (
				A107D9902D000F8C00B7D926 /* Neetcode150Tests.swift in Sources */,
			);
			runOnlyForDeploymentPostprocessing = 0;
		};
/* End PBXSourcesBuildPhase section */

/* Begin PBXTargetDependency section */
		A107D98D2D000F8C00B7D926 /* PBXTargetDependency */ = {
			isa = PBXTargetDependency;
			target = A107D9792D000F8B00B7D926 /* Neetcode150 */;
			targetProxy = A107D98C2D000F8C00B7D926 /* PBXContainerItemProxy */;
		};
/* End PBXTargetDependency section */

/* Begin XCBuildConfiguration section */
		A107D99D2D000F8C00B7D926 /* Debug */ = {
			isa = XCBuildConfiguration;
			buildSettings = {
				ALWAYS_SEARCH_USER_PATHS = NO;
				ASSETCATALOG_COMPILER_GENERATE_SWIFT_ASSET_SYMBOL_EXTENSIONS = YES;
				CLANG_ANALYZER_NONNULL = YES;
				CLANG_ANALYZER_NUMBER_OBJECT_CONVERSION = YES_AGGRESSIVE;
				CLANG_CXX_LANGUAGE_STANDARD = "gnu++20";
				CLANG_ENABLE_MODULES = YES;
				CLANG_ENABLE_OBJC_ARC = YES;
				CLANG_ENABLE_OBJC_WEAK = YES;
				CLANG_WARN_BLOCK_CAPTURE_AUTORELEASING = YES;
				CLANG_WARN_BOOL_CONVERSION = YES;
				CLANG_WARN_COMMA = YES;
				CLANG_WARN_CONSTANT_CONVERSION = YES;
				CLANG_WARN_DEPRECATED_OBJC_IMPLEMENTATIONS = YES;
				CLANG_WARN_DIRECT_OBJC_ISA_USAGE = YES_ERROR;
				CLANG_WARN_DOCUMENTATION_COMMENTS = YES;
				CLANG_WARN_EMPTY_BODY = YES;
				CLANG_WARN_ENUM_CONVERSION = YES;
				CLANG_WARN_INFINITE_RECURSION = YES;
				CLANG_WARN_INT_CONVERSION = YES;
				CLANG_WARN_NON_LITERAL_NULL_CONVERSION = YES;
				CLANG_WARN_OBJC_IMPLICIT_RETAIN_SELF = YES;
				CLANG_WARN_OBJC_LITERAL_CONVERSION = YES;
				CLANG_WARN_OBJC_ROOT_CLASS = YES_ERROR;
				CLANG_WARN_QUOTED_INCLUDE_IN_FRAMEWORK_HEADER = YES;
				CLANG_WARN_RANGE_LOOP_ANALYSIS = YES;
				CLANG_WARN_STRICT_PROTOTYPES = YES;
				CLANG_WARN_SUSPICIOUS_MOVE = YES;
				CLANG_WARN_UNGUARDED_AVAILABILITY = YES_AGGRESSIVE;
				CLANG_WARN_UNREACHABLE_CODE = YES;
				CLANG_WARN__DUPLICATE_METHOD_MATCH = YES;
				COPY_PHASE_STRIP = NO;
				DEBUG_INFORMATION_FORMAT = dwarf;
				ENABLE_STRICT_OBJC_MSGSEND = YES;
				ENABLE_TESTABILITY = YES;
				ENABLE_USER_SCRIPT_SANDBOXING = YES;
				GCC_C_LANGUAGE_STANDARD = gnu17;
				GCC_DYNAMIC_NO_PIC = NO;
				GCC_NO_COMMON_BLOCKS = YES;
				GCC_OPTIMIZATION_LEVEL = 0;
				GCC_PREPROCESSOR_DEFINITIONS = (
					"DEBUG=1",
					"$(inherited)",
				);
				GCC_WARN_64_TO_32_BIT_CONVERSION = YES;
				GCC_WARN_ABOUT_RETURN_TYPE = YES_ERROR;
				GCC_WARN_UNDECLARED_SELECTOR = YES;
				GCC_WARN_UNINITIALIZED_AUTOS = YES_AGGRESSIVE;
				GCC_WARN_UNUSED_FUNCTION = YES;
				GCC_WARN_UNUSED_VARIABLE = YES;
				LOCALIZATION_PREFERS_STRING_CATALOGS = YES;
				MACOSX_DEPLOYMENT_TARGET = 14.2;
				MTL_ENABLE_DEBUG_INFO = INCLUDE_SOURCE;
				MTL_FAST_MATH = YES;
				ONLY_ACTIVE_ARCH = YES;
				SDKROOT = macosx;
				SWIFT_ACTIVE_COMPILATION_CONDITIONS = "DEBUG $(inherited)";
				SWIFT_OPTIMIZATION_LEVEL = "-Onone";
			};
			name = Debug;
		};
		A107D99E2D000F8C00B7D926 /* Release */ = {
			isa = XCBuildConfiguration;
			buildSettings = {
				ALWAYS_SEARCH_USER_PATHS = NO;
				ASSETCATALOG_COMPILER_GENERATE_SWIFT_ASSET_SYMBOL_EXTENSIONS = YES;
				CLANG_ANALYZER_NONNULL = YES;
				CLANG_ANALYZER_NUMBER_OBJECT_CONVERSION = YES_AGGRESSIVE;
				CLANG_CXX_LANGUAGE_STANDARD = "gnu++20";
				CLANG_ENABLE_MODULES = YES;
				CLANG_ENABLE_OBJC_ARC = YES;
				CLANG_ENABLE_OBJC_WEAK = YES;
				CLANG_WARN_BLOCK_CAPTURE_AUTORELEASING = YES;
				CLANG_WARN_BOOL_CONVERSION = YES;
				CLANG_WARN_COMMA = YES;
				CLANG_WARN_CONSTANT_CONVERSION = YES;
				CLANG_WARN_DEPRECATED_OBJC_IMPLEMENTATIONS = YES;
				CLANG_WARN_DIRECT_OBJC_ISA_USAGE = YES_ERROR;
				CLANG_WARN_DOCUMENTATION_COMMENTS = YES;
				CLANG_WARN_EMPTY_BODY = YES;
				CLANG_WARN_ENUM_CONVERSION = YES;
				CLANG_WARN_INFINITE_RECURSION = YES;
				CLANG_WARN_INT_CONVERSION = YES;
				CLANG_WARN_NON_LITERAL_NULL_CONVERSION = YES;
				CLANG_WARN_OBJC_IMPLICIT_RETAIN_SELF = YES;
				CLANG_WARN_OBJC_LITERAL_CONVERSION = YES;
				CLANG_WARN_OBJC_ROOT_CLASS = YES_ERROR;
				CLANG_WARN_QUOTED_INCLUDE_IN_FRAMEWORK_HEADER = YES;
				CLANG_WARN_RANGE_LOOP_ANALYSIS = YES;
				CLANG_WARN_STRICT_PROTOTYPES = YES;
				CLANG_WARN_SUSPICIOUS_MOVE = YES;
				CLANG_WARN_UNGUARDED_AVAILABILITY = YES_AGGRESSIVE;
				CLANG_WARN_UNREACHABLE_CODE = YES;
				CLANG_WARN__DUPLICATE_METHOD_MATCH = YES;
				COPY_PHASE_STRIP = NO;
				DEBUG_INFORMATION_FORMAT = "dwarf-with-dsym";
				ENABLE_NS_ASSERTIONS = NO;
				ENABLE_STRICT_OBJC_MSGSEND = YES;
				ENABLE_USER_SCRIPT_SANDBOXING = YES;
				GCC_C_LANGUAGE_STANDARD = gnu17;
				GCC_NO_COMMON_BLOCKS = YES;
				GCC_WARN_64_TO_32_BIT_CONVERSION = YES;
				GCC_WARN_ABOUT_RETURN_TYPE = YES_ERROR;
				GCC_WARN_UNDECLARED_SELECTOR = YES;
				GCC_WARN_UNINITIALIZED_AUTOS = YES_AGGRESSIVE;
				GCC_WARN_UNUSED_FUNCTION = YES;
				GCC_WARN_UNUSED_VARIABLE = YES;
				LOCALIZATION_PREFERS_STRING_CATALOGS = YES;
				MACOSX_DEPLOYMENT_TARGET = 14.2;
				MTL_ENABLE_DEBUG_INFO = NO;
				MTL_FAST_MATH = YES;
				SDKROOT = macosx;
				SWIFT_COMPILATION_MODE = wholemodule;
			};
			name = Release;
		};
		A107D9A02D000F8C00B7D926 /* Debug */ = {
			isa = XCBuildConfiguration;
			buildSettings = {
				ASSETCATALOG_COMPILER_APPICON_NAME = AppIcon;
				ASSETCATALOG_COMPILER_GLOBAL_ACCENT_COLOR_NAME = AccentColor;
				CODE_SIGN_ENTITLEMENTS = Neetcode150/Neetcode150.entitlements;
				CODE_SIGN_STYLE = Automatic;
				COMBINE_HIDPI_IMAGES = YES;
				CURRENT_PROJECT_VERSION = 1;
				DEVELOPMENT_ASSET_PATHS = "";
				DEVELOPMENT_TEAM = 3HUHZCSK63;
				ENABLE_HARDENED_RUNTIME = YES;
				ENABLE_PREVIEWS = YES;
				GENERATE_INFOPLIST_FILE = YES;
				INFOPLIST_KEY_NSHumanReadableCopyright = "";
				LD_RUNPATH_SEARCH_PATHS = (
					"$(inherited)",
					"@executable_path/../Frameworks",
				);
				MARKETING_VERSION = 1.0;
				PRODUCT_BUNDLE_IDENTIFIER = Trupti.Neetcode150;
				PRODUCT_NAME = "$(TARGET_NAME)";
				SWIFT_EMIT_LOC_STRINGS = YES;
				SWIFT_VERSION = 5.0;
			};
			name = Debug;
		};
		A107D9A12D000F8C00B7D926 /* Release */ = {
			isa = XCBuildConfiguration;
			buildSettings = {
				ASSETCATALOG_COMPILER_APPICON_NAME = AppIcon;
				ASSETCATALOG_COMPILER_GLOBAL_ACCENT_COLOR_NAME = AccentColor;
				CODE_SIGN_ENTITLEMENTS = Neetcode150/Neetcode150.entitlements;
				CODE_SIGN_STYLE = Automatic;
				COMBINE_HIDPI_IMAGES = YES;
				CURRENT_PROJECT_VERSION = 1;
				DEVELOPMENT_ASSET_PATHS = "";
				DEVELOPMENT_TEAM = 3HUHZCSK63;
				ENABLE_HARDENED_RUNTIME = YES;
				ENABLE_PREVIEWS = YES;
				GENERATE_INFOPLIST_FILE = YES;
				INFOPLIST_KEY_NSHumanReadableCopyright = "";
				LD_RUNPATH_SEARCH_PATHS = (
					"$(inherited)",
					"@executable_path/../Frameworks",
				);
				MARKETING_VERSION = 1.0;
				PRODUCT_BUNDLE_IDENTIFIER = Trupti.Neetcode150;
				PRODUCT_NAME = "$(TARGET_NAME)";
				SWIFT_EMIT_LOC_STRINGS = YES;
				SWIFT_VERSION = 5.0;
			};
			name = Release;
		};
		A107D9A32D000F8C00B7D926 /* Debug */ = {
			isa = XCBuildConfiguration;
			buildSettings = {
				ALWAYS_EMBED_SWIFT_STANDARD_LIBRARIES = YES;
				BUNDLE_LOADER = "$(TEST_HOST)";
				CODE_SIGN_STYLE = Automatic;
				CURRENT_PROJECT_VERSION = 1;
				DEVELOPMENT_TEAM = 3HUHZCSK63;
				GENERATE_INFOPLIST_FILE = YES;
				MACOSX_DEPLOYMENT_TARGET = 14.2;
				MARKETING_VERSION = 1.0;
				PRODUCT_BUNDLE_IDENTIFIER = Trupti.Neetcode150Tests;
				PRODUCT_NAME = "$(TARGET_NAME)";
				SWIFT_EMIT_LOC_STRINGS = NO;
				SWIFT_VERSION = 5.0;
				TEST_HOST = "$(BUILT_PRODUCTS_DIR)/Neetcode150.app/$(BUNDLE_EXECUTABLE_FOLDER_PATH)/Neetcode150";
			};
			name = Debug;
		};
		A107D9A42D000F8C00B7D926 /* Release */ = {
			isa = XCBuildConfiguration;
			buildSettings = {
				ALWAYS_EMBED_SWIFT_STANDARD_LIBRARIES = YES;
				BUNDLE_LOADER = "$(TEST_HOST)";
				CODE_SIGN_STYLE = Automatic;
				CURRENT_PROJECT_VERSION = 1;
				DEVELOPMENT_TEAM = 3HUHZCSK63;
				GENERATE_INFOPLIST_FILE = YES;
				MACOSX_DEPLOYMENT_TARGET = 14.2;
				MARKETING_VERSION = 1.0;
				PRODUCT_BUNDLE_IDENTIFIER = Trupti.Neetcode150Tests;
				PRODUCT_NAME = "$(TARGET_NAME)";
				SWIFT_EMIT_LOC_STRINGS = NO;
				SWIFT_VERSION = 5.0;
				TEST_HOST = "$(BUILT_PRODUCTS_DIR)/Neetcode150.app/$(BUNDLE_EXECUTABLE_FOLDER_PATH)/Neetcode150";
			};
			name = Release;
		};
/* End XCBuildConfiguration section */

/* Begin XCConfigurationList section */
		A107D9752D000F8B00B7D926 /* Build configuration list for PBXProject "Neetcode150" */ = {
			isa = XCConfigurationList;
			buildConfigurations = (
				A107D99D2D000F8C00B7D926 /* Debug */,
				A107D99E2D000F8C00B7D926 /* Release */,
			);
			defaultConfigurationIsVisible = 0;
			defaultConfigurationName = Release;
		};
		A107D99F2D000F8C00B7D926 /* Build configuration list for PBXNativeTarget "Neetcode150" */ = {
			isa = XCConfigurationList;
			buildConfigurations = (
				A107D9A02D000F8C00B7D926 /* Debug */,
				A107D9A12D000F8C00B7D926 /* Release */,
			);
			defaultConfigurationIsVisible = 0;
			defaultConfigurationName = Release;
		};
		A107D9A22D000F8C00B7D926 /* Build configuration list for PBXNativeTarget "Neetcode150Tests" */ = {
			isa = XCConfigurationList;
			buildConfigurations = (
				A107D9A32D000F8C00B7D926 /* Debug */,
				A107D9A42D000F8C00B7D926 /* Release */,
			);
			defaultConfigurationIsVisible = 0;
			defaultConfigurationName = Release;
		};
/* End XCConfigurationList section */
	};
	rootObject = A107D9722D000F8B00B7D926 /* Project object */;
}
